
Microsoft Visual Studio Solution File, Format Version 12.00
# Visual Studio Version 17
VisualStudioVersion = 17.4.33110.190
MinimumVisualStudioVersion = 10.0.40219.1
Project("{9A19103F-16F7-4668-BE54-9A1E7A4F7556}") = "Catalog.Api", "Services\Catalog\Catalog.Api\Catalog.Api.csproj", "{D7C6DBEB-0A9A-4CAF-AB27-735EEA599F03}"
EndProject
Project("{E53339B2-1760-4266-BCC7-CA923CBCF16C}") = "docker-compose", "docker-compose.dcproj", "{6A0E1E43-075E-448D-A7D4-2479BEAC5E57}"
EndProject
Project("{2150E333-8FDC-42A3-9474-1A3956D46DE8}") = "Services", "Services", "{28C503A8-8AB9-4550-86E5-00A70F70AD59}"
EndProject
Project("{2150E333-8FDC-42A3-9474-1A3956D46DE8}") = "Catalog", "Catalog", "{10631315-33BD-4AD0-92D9-ECD6014EBFAE}"
EndProject
Project("{2150E333-8FDC-42A3-9474-1A3956D46DE8}") = "Cart", "Cart", "{2A54FB39-1149-4E59-87E7-5241469DA31D}"
EndProject
Project("{FAE04EC0-301F-11D3-BF4B-00C04F79EFBC}") = "Cart.Api", "Services\Cart\Cart.Api\Cart.Api.csproj", "{E5729DCB-B46E-4F62-AC20-C52B56DBF688}"
EndProject
Global
	GlobalSection(SolutionConfigurationPlatforms) = preSolution
		Debug|Any CPU = Debug|Any CPU
		Release|Any CPU = Release|Any CPU
	EndGlobalSection
	GlobalSection(ProjectConfigurationPlatforms) = postSolution
		{D7C6DBEB-0A9A-4CAF-AB27-735EEA599F03}.Debug|Any CPU.ActiveCfg = Debug|Any CPU
		{D7C6DBEB-0A9A-4CAF-AB27-735EEA599F03}.Debug|Any CPU.Build.0 = Debug|Any CPU
		{D7C6DBEB-0A9A-4CAF-AB27-735EEA599F03}.Release|Any CPU.ActiveCfg = Release|Any CPU
		{D7C6DBEB-0A9A-4CAF-AB27-735EEA599F03}.Release|Any CPU.Build.0 = Release|Any CPU
		{6A0E1E43-075E-448D-A7D4-2479BEAC5E57}.Debug|Any CPU.ActiveCfg = Debug|Any CPU
		{6A0E1E43-075E-448D-A7D4-2479BEAC5E57}.Debug|Any CPU.Build.0 = Debug|Any CPU
		{6A0E1E43-075E-448D-A7D4-2479BEAC5E57}.Release|Any CPU.ActiveCfg = Release|Any CPU
		{6A0E1E43-075E-448D-A7D4-2479BEAC5E57}.Release|Any CPU.Build.0 = Release|Any CPU
		{E5729DCB-B46E-4F62-AC20-C52B56DBF688}.Debug|Any CPU.ActiveCfg = Debug|Any CPU
		{E5729DCB-B46E-4F62-AC20-C52B56DBF688}.Debug|Any CPU.Build.0 = Debug|Any CPU
		{E5729DCB-B46E-4F62-AC20-C52B56DBF688}.Release|Any CPU.ActiveCfg = Release|Any CPU
		{E5729DCB-B46E-4F62-AC20-C52B56DBF688}.Release|Any CPU.Build.0 = Release|Any CPU
	EndGlobalSection
	GlobalSection(SolutionProperties) = preSolution
		HideSolutionNode = FALSE
	EndGlobalSection
	GlobalSection(NestedProjects) = preSolution
		{D7C6DBEB-0A9A-4CAF-AB27-735EEA599F03} = {10631315-33BD-4AD0-92D9-ECD6014EBFAE}
		{10631315-33BD-4AD0-92D9-ECD6014EBFAE} = {28C503A8-8AB9-4550-86E5-00A70F70AD59}
		{2A54FB39-1149-4E59-87E7-5241469DA31D} = {28C503A8-8AB9-4550-86E5-00A70F70AD59}
		{E5729DCB-B46E-4F62-AC20-C52B56DBF688} = {2A54FB39-1149-4E59-87E7-5241469DA31D}
	EndGlobalSection
	GlobalSection(ExtensibilityGlobals) = postSolution
		SolutionGuid = {F029C800-F852-4286-9786-C837878457B8}
	EndGlobalSection
EndGlobal
